// !$*UTF8*$!
{
	archiveVersion = 1;
	classes = {
	};
	objectVersion = 56;
	objects = {

/* Begin PBXBuildFile section */
		B20ED5F5293B24BC002B2A0B /* RucksackReorganization.swift in Sources */ = {isa = PBXBuildFile; fileRef = B20ED5F4293B24BC002B2A0B /* RucksackReorganization.swift */; };
		B20ED5F7293B2504002B2A0B /* day_03.txt in Resources */ = {isa = PBXBuildFile; fileRef = B20ED5F6293B2504002B2A0B /* day_03.txt */; };
		B20ED5F9293B2519002B2A0B /* day_03.swift in Sources */ = {isa = PBXBuildFile; fileRef = B20ED5F8293B2519002B2A0B /* day_03.swift */; };
		B20ED5FC293C61E7002B2A0B /* CampCleanup.swift in Sources */ = {isa = PBXBuildFile; fileRef = B20ED5FB293C61E7002B2A0B /* CampCleanup.swift */; };
		B20ED5FE293C62DF002B2A0B /* day_04.swift in Sources */ = {isa = PBXBuildFile; fileRef = B20ED5FD293C62DF002B2A0B /* day_04.swift */; };
		B20ED600293C638F002B2A0B /* day_04.txt in Resources */ = {isa = PBXBuildFile; fileRef = B20ED5FF293C638F002B2A0B /* day_04.txt */; };
		B29AE50F29390EF4001C7F39 /* aoc2022App.swift in Sources */ = {isa = PBXBuildFile; fileRef = B29AE50E29390EF4001C7F39 /* aoc2022App.swift */; };
		B29AE51129390EF4001C7F39 /* ContentView.swift in Sources */ = {isa = PBXBuildFile; fileRef = B29AE51029390EF4001C7F39 /* ContentView.swift */; };
		B29AE51329390EF5001C7F39 /* Assets.xcassets in Resources */ = {isa = PBXBuildFile; fileRef = B29AE51229390EF5001C7F39 /* Assets.xcassets */; };
		B29AE51629390EF5001C7F39 /* Preview Assets.xcassets in Resources */ = {isa = PBXBuildFile; fileRef = B29AE51529390EF5001C7F39 /* Preview Assets.xcassets */; };
		B29AE52029390EF5001C7F39 /* aoc2022Tests.swift in Sources */ = {isa = PBXBuildFile; fileRef = B29AE51F29390EF5001C7F39 /* aoc2022Tests.swift */; };
		B29AE52A29390EF5001C7F39 /* aoc2022UITests.swift in Sources */ = {isa = PBXBuildFile; fileRef = B29AE52929390EF5001C7F39 /* aoc2022UITests.swift */; };
		B29AE52C29390EF5001C7F39 /* aoc2022UITestsLaunchTests.swift in Sources */ = {isa = PBXBuildFile; fileRef = B29AE52B29390EF5001C7F39 /* aoc2022UITestsLaunchTests.swift */; };
		B29AE53B29390F23001C7F39 /* CalorieCounting.swift in Sources */ = {isa = PBXBuildFile; fileRef = B29AE53A29390F23001C7F39 /* CalorieCounting.swift */; };
		B29AE53F29390FA2001C7F39 /* day_01.swift in Sources */ = {isa = PBXBuildFile; fileRef = B29AE53E29390FA2001C7F39 /* day_01.swift */; };
		B29AE54A293912C2001C7F39 /* day_01.txt in Resources */ = {isa = PBXBuildFile; fileRef = B29AE549293912C2001C7F39 /* day_01.txt */; };
		B29AE54C293912E5001C7F39 /* Input.swift in Sources */ = {isa = PBXBuildFile; fileRef = B29AE54B293912E5001C7F39 /* Input.swift */; };
		B29AE54F2939C3D2001C7F39 /* day_02.swift in Sources */ = {isa = PBXBuildFile; fileRef = B29AE54E2939C3D2001C7F39 /* day_02.swift */; };
		B29AE5512939C41E001C7F39 /* RockPaperScissors.swift in Sources */ = {isa = PBXBuildFile; fileRef = B29AE5502939C41E001C7F39 /* RockPaperScissors.swift */; };
		B29AE5532939C498001C7F39 /* day_02.txt in Resources */ = {isa = PBXBuildFile; fileRef = B29AE5522939C498001C7F39 /* day_02.txt */; };
/* End PBXBuildFile section */

/* Begin PBXContainerItemProxy section */
		B29AE51C29390EF5001C7F39 /* PBXContainerItemProxy */ = {
			isa = PBXContainerItemProxy;
			containerPortal = B29AE50329390EF4001C7F39 /* Project object */;
			proxyType = 1;
			remoteGlobalIDString = B29AE50A29390EF4001C7F39;
			remoteInfo = aoc2022;
		};
		B29AE52629390EF5001C7F39 /* PBXContainerItemProxy */ = {
			isa = PBXContainerItemProxy;
			containerPortal = B29AE50329390EF4001C7F39 /* Project object */;
			proxyType = 1;
			remoteGlobalIDString = B29AE50A29390EF4001C7F39;
			remoteInfo = aoc2022;
		};
/* End PBXContainerItemProxy section */

/* Begin PBXFileReference section */
		B20ED5F4293B24BC002B2A0B /* RucksackReorganization.swift */ = {isa = PBXFileReference; lastKnownFileType = sourcecode.swift; path = RucksackReorganization.swift; sourceTree = "<group>"; };
		B20ED5F6293B2504002B2A0B /* day_03.txt */ = {isa = PBXFileReference; lastKnownFileType = text; path = day_03.txt; sourceTree = "<group>"; };
		B20ED5F8293B2519002B2A0B /* day_03.swift */ = {isa = PBXFileReference; lastKnownFileType = sourcecode.swift; path = day_03.swift; sourceTree = "<group>"; };
		B20ED5FB293C61E7002B2A0B /* CampCleanup.swift */ = {isa = PBXFileReference; lastKnownFileType = sourcecode.swift; path = CampCleanup.swift; sourceTree = "<group>"; };
		B20ED5FD293C62DF002B2A0B /* day_04.swift */ = {isa = PBXFileReference; lastKnownFileType = sourcecode.swift; path = day_04.swift; sourceTree = "<group>"; };
		B20ED5FF293C638F002B2A0B /* day_04.txt */ = {isa = PBXFileReference; lastKnownFileType = text; path = day_04.txt; sourceTree = "<group>"; };
		B29AE50B29390EF4001C7F39 /* aoc2022.app */ = {isa = PBXFileReference; explicitFileType = wrapper.application; includeInIndex = 0; path = aoc2022.app; sourceTree = BUILT_PRODUCTS_DIR; };
		B29AE50E29390EF4001C7F39 /* aoc2022App.swift */ = {isa = PBXFileReference; lastKnownFileType = sourcecode.swift; path = aoc2022App.swift; sourceTree = "<group>"; };
		B29AE51029390EF4001C7F39 /* ContentView.swift */ = {isa = PBXFileReference; lastKnownFileType = sourcecode.swift; path = ContentView.swift; sourceTree = "<group>"; };
		B29AE51229390EF5001C7F39 /* Assets.xcassets */ = {isa = PBXFileReference; lastKnownFileType = folder.assetcatalog; path = Assets.xcassets; sourceTree = "<group>"; };
		B29AE51529390EF5001C7F39 /* Preview Assets.xcassets */ = {isa = PBXFileReference; lastKnownFileType = folder.assetcatalog; path = "Preview Assets.xcassets"; sourceTree = "<group>"; };
		B29AE51B29390EF5001C7F39 /* aoc2022Tests.xctest */ = {isa = PBXFileReference; explicitFileType = wrapper.cfbundle; includeInIndex = 0; path = aoc2022Tests.xctest; sourceTree = BUILT_PRODUCTS_DIR; };
		B29AE51F29390EF5001C7F39 /* aoc2022Tests.swift */ = {isa = PBXFileReference; lastKnownFileType = sourcecode.swift; path = aoc2022Tests.swift; sourceTree = "<group>"; };
		B29AE52529390EF5001C7F39 /* aoc2022UITests.xctest */ = {isa = PBXFileReference; explicitFileType = wrapper.cfbundle; includeInIndex = 0; path = aoc2022UITests.xctest; sourceTree = BUILT_PRODUCTS_DIR; };
		B29AE52929390EF5001C7F39 /* aoc2022UITests.swift */ = {isa = PBXFileReference; lastKnownFileType = sourcecode.swift; path = aoc2022UITests.swift; sourceTree = "<group>"; };
		B29AE52B29390EF5001C7F39 /* aoc2022UITestsLaunchTests.swift */ = {isa = PBXFileReference; lastKnownFileType = sourcecode.swift; path = aoc2022UITestsLaunchTests.swift; sourceTree = "<group>"; };
		B29AE53A29390F23001C7F39 /* CalorieCounting.swift */ = {isa = PBXFileReference; lastKnownFileType = sourcecode.swift; path = CalorieCounting.swift; sourceTree = "<group>"; };
		B29AE53E29390FA2001C7F39 /* day_01.swift */ = {isa = PBXFileReference; lastKnownFileType = sourcecode.swift; path = day_01.swift; sourceTree = "<group>"; };
		B29AE549293912C2001C7F39 /* day_01.txt */ = {isa = PBXFileReference; lastKnownFileType = text; path = day_01.txt; sourceTree = "<group>"; };
		B29AE54B293912E5001C7F39 /* Input.swift */ = {isa = PBXFileReference; lastKnownFileType = sourcecode.swift; path = Input.swift; sourceTree = "<group>"; };
		B29AE54E2939C3D2001C7F39 /* day_02.swift */ = {isa = PBXFileReference; lastKnownFileType = sourcecode.swift; path = day_02.swift; sourceTree = "<group>"; };
		B29AE5502939C41E001C7F39 /* RockPaperScissors.swift */ = {isa = PBXFileReference; lastKnownFileType = sourcecode.swift; path = RockPaperScissors.swift; sourceTree = "<group>"; };
		B29AE5522939C498001C7F39 /* day_02.txt */ = {isa = PBXFileReference; lastKnownFileType = text; path = day_02.txt; sourceTree = "<group>"; };
/* End PBXFileReference section */

/* Begin PBXFrameworksBuildPhase section */
		B29AE50829390EF4001C7F39 /* Frameworks */ = {
			isa = PBXFrameworksBuildPhase;
			buildActionMask = 2147483647;
			files = (
			);
			runOnlyForDeploymentPostprocessing = 0;
		};
		B29AE51829390EF5001C7F39 /* Frameworks */ = {
			isa = PBXFrameworksBuildPhase;
			buildActionMask = 2147483647;
			files = (
			);
			runOnlyForDeploymentPostprocessing = 0;
		};
		B29AE52229390EF5001C7F39 /* Frameworks */ = {
			isa = PBXFrameworksBuildPhase;
			buildActionMask = 2147483647;
			files = (
			);
			runOnlyForDeploymentPostprocessing = 0;
		};
/* End PBXFrameworksBuildPhase section */

/* Begin PBXGroup section */
		B20ED5F3293B24AE002B2A0B /* 03 */ = {
			isa = PBXGroup;
			children = (
				B20ED5F4293B24BC002B2A0B /* RucksackReorganization.swift */,
			);
			path = 03;
			sourceTree = "<group>";
		};
		B20ED5FA293C61D2002B2A0B /* 04 */ = {
			isa = PBXGroup;
			children = (
				B20ED5FB293C61E7002B2A0B /* CampCleanup.swift */,
			);
			path = 04;
			sourceTree = "<group>";
		};
		B29AE50229390EF4001C7F39 = {
			isa = PBXGroup;
			children = (
				B29AE50D29390EF4001C7F39 /* aoc2022 */,
				B29AE51E29390EF5001C7F39 /* aoc2022Tests */,
				B29AE52829390EF5001C7F39 /* aoc2022UITests */,
				B29AE50C29390EF4001C7F39 /* Products */,
			);
			sourceTree = "<group>";
		};
		B29AE50C29390EF4001C7F39 /* Products */ = {
			isa = PBXGroup;
			children = (
				B29AE50B29390EF4001C7F39 /* aoc2022.app */,
				B29AE51B29390EF5001C7F39 /* aoc2022Tests.xctest */,
				B29AE52529390EF5001C7F39 /* aoc2022UITests.xctest */,
			);
			name = Products;
			sourceTree = "<group>";
		};
		B29AE50D29390EF4001C7F39 /* aoc2022 */ = {
			isa = PBXGroup;
			children = (
				B29AE53829390F06001C7F39 /* days */,
				B29AE50E29390EF4001C7F39 /* aoc2022App.swift */,
				B29AE51029390EF4001C7F39 /* ContentView.swift */,
				B29AE51229390EF5001C7F39 /* Assets.xcassets */,
				B29AE51429390EF5001C7F39 /* Preview Content */,
			);
			path = aoc2022;
			sourceTree = "<group>";
		};
		B29AE51429390EF5001C7F39 /* Preview Content */ = {
			isa = PBXGroup;
			children = (
				B29AE51529390EF5001C7F39 /* Preview Assets.xcassets */,
			);
			path = "Preview Content";
			sourceTree = "<group>";
		};
		B29AE51E29390EF5001C7F39 /* aoc2022Tests */ = {
			isa = PBXGroup;
			children = (
				B29AE546293912AA001C7F39 /* Input */,
				B29AE51F29390EF5001C7F39 /* aoc2022Tests.swift */,
				B29AE53E29390FA2001C7F39 /* day_01.swift */,
				B29AE54E2939C3D2001C7F39 /* day_02.swift */,
				B20ED5F8293B2519002B2A0B /* day_03.swift */,
				B20ED5FD293C62DF002B2A0B /* day_04.swift */,
			);
			path = aoc2022Tests;
			sourceTree = "<group>";
		};
		B29AE52829390EF5001C7F39 /* aoc2022UITests */ = {
			isa = PBXGroup;
			children = (
				B29AE52929390EF5001C7F39 /* aoc2022UITests.swift */,
				B29AE52B29390EF5001C7F39 /* aoc2022UITestsLaunchTests.swift */,
			);
			path = aoc2022UITests;
			sourceTree = "<group>";
		};
		B29AE53829390F06001C7F39 /* days */ = {
			isa = PBXGroup;
			children = (
				B20ED5FA293C61D2002B2A0B /* 04 */,
				B20ED5F3293B24AE002B2A0B /* 03 */,
				B29AE54D2939C3B5001C7F39 /* 02 */,
				B29AE53929390F13001C7F39 /* 01 */,
			);
			path = days;
			sourceTree = "<group>";
		};
		B29AE53929390F13001C7F39 /* 01 */ = {
			isa = PBXGroup;
			children = (
				B29AE53A29390F23001C7F39 /* CalorieCounting.swift */,
			);
			path = 01;
			sourceTree = "<group>";
		};
		B29AE546293912AA001C7F39 /* Input */ = {
			isa = PBXGroup;
			children = (
				B29AE549293912C2001C7F39 /* day_01.txt */,
				B29AE5522939C498001C7F39 /* day_02.txt */,
				B20ED5F6293B2504002B2A0B /* day_03.txt */,
				B20ED5FF293C638F002B2A0B /* day_04.txt */,
				B29AE54B293912E5001C7F39 /* Input.swift */,
			);
			path = Input;
			sourceTree = "<group>";
		};
		B29AE54D2939C3B5001C7F39 /* 02 */ = {
			isa = PBXGroup;
			children = (
				B29AE5502939C41E001C7F39 /* RockPaperScissors.swift */,
			);
			path = 02;
			sourceTree = "<group>";
		};
/* End PBXGroup section */

/* Begin PBXNativeTarget section */
		B29AE50A29390EF4001C7F39 /* aoc2022 */ = {
			isa = PBXNativeTarget;
			buildConfigurationList = B29AE52F29390EF5001C7F39 /* Build configuration list for PBXNativeTarget "aoc2022" */;
			buildPhases = (
				B29AE50729390EF4001C7F39 /* Sources */,
				B29AE50829390EF4001C7F39 /* Frameworks */,
				B29AE50929390EF4001C7F39 /* Resources */,
			);
			buildRules = (
			);
			dependencies = (
			);
			name = aoc2022;
			productName = aoc2022;
			productReference = B29AE50B29390EF4001C7F39 /* aoc2022.app */;
			productType = "com.apple.product-type.application";
		};
		B29AE51A29390EF5001C7F39 /* aoc2022Tests */ = {
			isa = PBXNativeTarget;
			buildConfigurationList = B29AE53229390EF5001C7F39 /* Build configuration list for PBXNativeTarget "aoc2022Tests" */;
			buildPhases = (
				B29AE51729390EF5001C7F39 /* Sources */,
				B29AE51829390EF5001C7F39 /* Frameworks */,
				B29AE51929390EF5001C7F39 /* Resources */,
			);
			buildRules = (
			);
			dependencies = (
				B29AE51D29390EF5001C7F39 /* PBXTargetDependency */,
			);
			name = aoc2022Tests;
			productName = aoc2022Tests;
			productReference = B29AE51B29390EF5001C7F39 /* aoc2022Tests.xctest */;
			productType = "com.apple.product-type.bundle.unit-test";
		};
		B29AE52429390EF5001C7F39 /* aoc2022UITests */ = {
			isa = PBXNativeTarget;
			buildConfigurationList = B29AE53529390EF5001C7F39 /* Build configuration list for PBXNativeTarget "aoc2022UITests" */;
			buildPhases = (
				B29AE52129390EF5001C7F39 /* Sources */,
				B29AE52229390EF5001C7F39 /* Frameworks */,
				B29AE52329390EF5001C7F39 /* Resources */,
			);
			buildRules = (
			);
			dependencies = (
				B29AE52729390EF5001C7F39 /* PBXTargetDependency */,
			);
			name = aoc2022UITests;
			productName = aoc2022UITests;
			productReference = B29AE52529390EF5001C7F39 /* aoc2022UITests.xctest */;
			productType = "com.apple.product-type.bundle.ui-testing";
		};
/* End PBXNativeTarget section */

/* Begin PBXProject section */
		B29AE50329390EF4001C7F39 /* Project object */ = {
			isa = PBXProject;
			attributes = {
				BuildIndependentTargetsInParallel = 1;
				LastSwiftUpdateCheck = 1410;
				LastUpgradeCheck = 1410;
				TargetAttributes = {
					B29AE50A29390EF4001C7F39 = {
						CreatedOnToolsVersion = 14.1;
					};
					B29AE51A29390EF5001C7F39 = {
						CreatedOnToolsVersion = 14.1;
						TestTargetID = B29AE50A29390EF4001C7F39;
					};
					B29AE52429390EF5001C7F39 = {
						CreatedOnToolsVersion = 14.1;
						TestTargetID = B29AE50A29390EF4001C7F39;
					};
				};
			};
			buildConfigurationList = B29AE50629390EF4001C7F39 /* Build configuration list for PBXProject "aoc2022" */;
			compatibilityVersion = "Xcode 14.0";
			developmentRegion = en;
			hasScannedForEncodings = 0;
			knownRegions = (
				en,
				Base,
			);
			mainGroup = B29AE50229390EF4001C7F39;
			productRefGroup = B29AE50C29390EF4001C7F39 /* Products */;
			projectDirPath = "";
			projectRoot = "";
			targets = (
				B29AE50A29390EF4001C7F39 /* aoc2022 */,
				B29AE51A29390EF5001C7F39 /* aoc2022Tests */,
				B29AE52429390EF5001C7F39 /* aoc2022UITests */,
			);
		};
/* End PBXProject section */

/* Begin PBXResourcesBuildPhase section */
		B29AE50929390EF4001C7F39 /* Resources */ = {
			isa = PBXResourcesBuildPhase;
			buildActionMask = 2147483647;
			files = (
				B29AE51629390EF5001C7F39 /* Preview Assets.xcassets in Resources */,
				B29AE51329390EF5001C7F39 /* Assets.xcassets in Resources */,
			);
			runOnlyForDeploymentPostprocessing = 0;
		};
		B29AE51929390EF5001C7F39 /* Resources */ = {
			isa = PBXResourcesBuildPhase;
			buildActionMask = 2147483647;
			files = (
				B29AE54A293912C2001C7F39 /* day_01.txt in Resources */,
				B20ED600293C638F002B2A0B /* day_04.txt in Resources */,
				B20ED5F7293B2504002B2A0B /* day_03.txt in Resources */,
				B29AE5532939C498001C7F39 /* day_02.txt in Resources */,
			);
			runOnlyForDeploymentPostprocessing = 0;
		};
		B29AE52329390EF5001C7F39 /* Resources */ = {
			isa = PBXResourcesBuildPhase;
			buildActionMask = 2147483647;
			files = (
			);
			runOnlyForDeploymentPostprocessing = 0;
		};
/* End PBXResourcesBuildPhase section */

/* Begin PBXSourcesBuildPhase section */
		B29AE50729390EF4001C7F39 /* Sources */ = {
			isa = PBXSourcesBuildPhase;
			buildActionMask = 2147483647;
			files = (
				B29AE51129390EF4001C7F39 /* ContentView.swift in Sources */,
				B20ED5F5293B24BC002B2A0B /* RucksackReorganization.swift in Sources */,
				B29AE50F29390EF4001C7F39 /* aoc2022App.swift in Sources */,
				B29AE5512939C41E001C7F39 /* RockPaperScissors.swift in Sources */,
				B29AE53B29390F23001C7F39 /* CalorieCounting.swift in Sources */,
				B20ED5FC293C61E7002B2A0B /* CampCleanup.swift in Sources */,
			);
			runOnlyForDeploymentPostprocessing = 0;
		};
		B29AE51729390EF5001C7F39 /* Sources */ = {
			isa = PBXSourcesBuildPhase;
			buildActionMask = 2147483647;
			files = (
				B20ED5FE293C62DF002B2A0B /* day_04.swift in Sources */,
				B29AE54C293912E5001C7F39 /* Input.swift in Sources */,
				B29AE52029390EF5001C7F39 /* aoc2022Tests.swift in Sources */,
				B29AE54F2939C3D2001C7F39 /* day_02.swift in Sources */,
				B20ED5F9293B2519002B2A0B /* day_03.swift in Sources */,
				B29AE53F29390FA2001C7F39 /* day_01.swift in Sources */,
			);
			runOnlyForDeploymentPostprocessing = 0;
		};
		B29AE52129390EF5001C7F39 /* Sources */ = {
			isa = PBXSourcesBuildPhase;
			buildActionMask = 2147483647;
			files = (
				B29AE52C29390EF5001C7F39 /* aoc2022UITestsLaunchTests.swift in Sources */,
				B29AE52A29390EF5001C7F39 /* aoc2022UITests.swift in Sources */,
			);
			runOnlyForDeploymentPostprocessing = 0;
		};
/* End PBXSourcesBuildPhase section */

/* Begin PBXTargetDependency section */
		B29AE51D29390EF5001C7F39 /* PBXTargetDependency */ = {
			isa = PBXTargetDependency;
			target = B29AE50A29390EF4001C7F39 /* aoc2022 */;
			targetProxy = B29AE51C29390EF5001C7F39 /* PBXContainerItemProxy */;
		};
		B29AE52729390EF5001C7F39 /* PBXTargetDependency */ = {
			isa = PBXTargetDependency;
			target = B29AE50A29390EF4001C7F39 /* aoc2022 */;
			targetProxy = B29AE52629390EF5001C7F39 /* PBXContainerItemProxy */;
		};
/* End PBXTargetDependency section */

/* Begin XCBuildConfiguration section */
		B29AE52D29390EF5001C7F39 /* Debug */ = {
			isa = XCBuildConfiguration;
			buildSettings = {
				ALWAYS_SEARCH_USER_PATHS = NO;
				CLANG_ANALYZER_NONNULL = YES;
				CLANG_ANALYZER_NUMBER_OBJECT_CONVERSION = YES_AGGRESSIVE;
				CLANG_CXX_LANGUAGE_STANDARD = "gnu++20";
				CLANG_ENABLE_MODULES = YES;
				CLANG_ENABLE_OBJC_ARC = YES;
				CLANG_ENABLE_OBJC_WEAK = YES;
				CLANG_WARN_BLOCK_CAPTURE_AUTORELEASING = YES;
				CLANG_WARN_BOOL_CONVERSION = YES;
				CLANG_WARN_COMMA = YES;
				CLANG_WARN_CONSTANT_CONVERSION = YES;
				CLANG_WARN_DEPRECATED_OBJC_IMPLEMENTATIONS = YES;
				CLANG_WARN_DIRECT_OBJC_ISA_USAGE = YES_ERROR;
				CLANG_WARN_DOCUMENTATION_COMMENTS = YES;
				CLANG_WARN_EMPTY_BODY = YES;
				CLANG_WARN_ENUM_CONVERSION = YES;
				CLANG_WARN_INFINITE_RECURSION = YES;
				CLANG_WARN_INT_CONVERSION = YES;
				CLANG_WARN_NON_LITERAL_NULL_CONVERSION = YES;
				CLANG_WARN_OBJC_IMPLICIT_RETAIN_SELF = YES;
				CLANG_WARN_OBJC_LITERAL_CONVERSION = YES;
				CLANG_WARN_OBJC_ROOT_CLASS = YES_ERROR;
				CLANG_WARN_QUOTED_INCLUDE_IN_FRAMEWORK_HEADER = YES;
				CLANG_WARN_RANGE_LOOP_ANALYSIS = YES;
				CLANG_WARN_STRICT_PROTOTYPES = YES;
				CLANG_WARN_SUSPICIOUS_MOVE = YES;
				CLANG_WARN_UNGUARDED_AVAILABILITY = YES_AGGRESSIVE;
				CLANG_WARN_UNREACHABLE_CODE = YES;
				CLANG_WARN__DUPLICATE_METHOD_MATCH = YES;
				COPY_PHASE_STRIP = NO;
				DEBUG_INFORMATION_FORMAT = dwarf;
				ENABLE_STRICT_OBJC_MSGSEND = YES;
				ENABLE_TESTABILITY = YES;
				GCC_C_LANGUAGE_STANDARD = gnu11;
				GCC_DYNAMIC_NO_PIC = NO;
				GCC_NO_COMMON_BLOCKS = YES;
				GCC_OPTIMIZATION_LEVEL = 0;
				GCC_PREPROCESSOR_DEFINITIONS = (
					"DEBUG=1",
					"$(inherited)",
				);
				GCC_WARN_64_TO_32_BIT_CONVERSION = YES;
				GCC_WARN_ABOUT_RETURN_TYPE = YES_ERROR;
				GCC_WARN_UNDECLARED_SELECTOR = YES;
				GCC_WARN_UNINITIALIZED_AUTOS = YES_AGGRESSIVE;
				GCC_WARN_UNUSED_FUNCTION = YES;
				GCC_WARN_UNUSED_VARIABLE = YES;
				IPHONEOS_DEPLOYMENT_TARGET = 16.1;
				MTL_ENABLE_DEBUG_INFO = INCLUDE_SOURCE;
				MTL_FAST_MATH = YES;
				ONLY_ACTIVE_ARCH = YES;
				SDKROOT = iphoneos;
				SWIFT_ACTIVE_COMPILATION_CONDITIONS = DEBUG;
				SWIFT_OPTIMIZATION_LEVEL = "-Onone";
			};
			name = Debug;
		};
		B29AE52E29390EF5001C7F39 /* Release */ = {
			isa = XCBuildConfiguration;
			buildSettings = {
				ALWAYS_SEARCH_USER_PATHS = NO;
				CLANG_ANALYZER_NONNULL = YES;
				CLANG_ANALYZER_NUMBER_OBJECT_CONVERSION = YES_AGGRESSIVE;
				CLANG_CXX_LANGUAGE_STANDARD = "gnu++20";
				CLANG_ENABLE_MODULES = YES;
				CLANG_ENABLE_OBJC_ARC = YES;
				CLANG_ENABLE_OBJC_WEAK = YES;
				CLANG_WARN_BLOCK_CAPTURE_AUTORELEASING = YES;
				CLANG_WARN_BOOL_CONVERSION = YES;
				CLANG_WARN_COMMA = YES;
				CLANG_WARN_CONSTANT_CONVERSION = YES;
				CLANG_WARN_DEPRECATED_OBJC_IMPLEMENTATIONS = YES;
				CLANG_WARN_DIRECT_OBJC_ISA_USAGE = YES_ERROR;
				CLANG_WARN_DOCUMENTATION_COMMENTS = YES;
				CLANG_WARN_EMPTY_BODY = YES;
				CLANG_WARN_ENUM_CONVERSION = YES;
				CLANG_WARN_INFINITE_RECURSION = YES;
				CLANG_WARN_INT_CONVERSION = YES;
				CLANG_WARN_NON_LITERAL_NULL_CONVERSION = YES;
				CLANG_WARN_OBJC_IMPLICIT_RETAIN_SELF = YES;
				CLANG_WARN_OBJC_LITERAL_CONVERSION = YES;
				CLANG_WARN_OBJC_ROOT_CLASS = YES_ERROR;
				CLANG_WARN_QUOTED_INCLUDE_IN_FRAMEWORK_HEADER = YES;
				CLANG_WARN_RANGE_LOOP_ANALYSIS = YES;
				CLANG_WARN_STRICT_PROTOTYPES = YES;
				CLANG_WARN_SUSPICIOUS_MOVE = YES;
				CLANG_WARN_UNGUARDED_AVAILABILITY = YES_AGGRESSIVE;
				CLANG_WARN_UNREACHABLE_CODE = YES;
				CLANG_WARN__DUPLICATE_METHOD_MATCH = YES;
				COPY_PHASE_STRIP = NO;
				DEBUG_INFORMATION_FORMAT = "dwarf-with-dsym";
				ENABLE_NS_ASSERTIONS = NO;
				ENABLE_STRICT_OBJC_MSGSEND = YES;
				GCC_C_LANGUAGE_STANDARD = gnu11;
				GCC_NO_COMMON_BLOCKS = YES;
				GCC_WARN_64_TO_32_BIT_CONVERSION = YES;
				GCC_WARN_ABOUT_RETURN_TYPE = YES_ERROR;
				GCC_WARN_UNDECLARED_SELECTOR = YES;
				GCC_WARN_UNINITIALIZED_AUTOS = YES_AGGRESSIVE;
				GCC_WARN_UNUSED_FUNCTION = YES;
				GCC_WARN_UNUSED_VARIABLE = YES;
				IPHONEOS_DEPLOYMENT_TARGET = 16.1;
				MTL_ENABLE_DEBUG_INFO = NO;
				MTL_FAST_MATH = YES;
				SDKROOT = iphoneos;
				SWIFT_COMPILATION_MODE = wholemodule;
				SWIFT_OPTIMIZATION_LEVEL = "-O";
				VALIDATE_PRODUCT = YES;
			};
			name = Release;
		};
		B29AE53029390EF5001C7F39 /* Debug */ = {
			isa = XCBuildConfiguration;
			buildSettings = {
				ASSETCATALOG_COMPILER_APPICON_NAME = AppIcon;
				ASSETCATALOG_COMPILER_GLOBAL_ACCENT_COLOR_NAME = AccentColor;
				CODE_SIGN_STYLE = Automatic;
				CURRENT_PROJECT_VERSION = 1;
				DEVELOPMENT_ASSET_PATHS = "\"aoc2022/Preview Content\"";
				DEVELOPMENT_TEAM = KHMFLK7HD9;
				ENABLE_PREVIEWS = YES;
				GENERATE_INFOPLIST_FILE = YES;
				INFOPLIST_KEY_UIApplicationSceneManifest_Generation = YES;
				INFOPLIST_KEY_UIApplicationSupportsIndirectInputEvents = YES;
				INFOPLIST_KEY_UILaunchScreen_Generation = YES;
				INFOPLIST_KEY_UISupportedInterfaceOrientations_iPad = "UIInterfaceOrientationPortrait UIInterfaceOrientationPortraitUpsideDown UIInterfaceOrientationLandscapeLeft UIInterfaceOrientationLandscapeRight";
				INFOPLIST_KEY_UISupportedInterfaceOrientations_iPhone = "UIInterfaceOrientationPortrait UIInterfaceOrientationLandscapeLeft UIInterfaceOrientationLandscapeRight";
				LD_RUNPATH_SEARCH_PATHS = (
					"$(inherited)",
					"@executable_path/Frameworks",
				);
				MARKETING_VERSION = 1.0;
				PRODUCT_BUNDLE_IDENTIFIER = adventofcode2022.aoc2022;
				PRODUCT_NAME = "$(TARGET_NAME)";
				SWIFT_EMIT_LOC_STRINGS = YES;
				SWIFT_VERSION = 5.0;
				TARGETED_DEVICE_FAMILY = "1,2";
			};
			name = Debug;
		};
		B29AE53129390EF5001C7F39 /* Release */ = {
			isa = XCBuildConfiguration;
			buildSettings = {
				ASSETCATALOG_COMPILER_APPICON_NAME = AppIcon;
				ASSETCATALOG_COMPILER_GLOBAL_ACCENT_COLOR_NAME = AccentColor;
				CODE_SIGN_STYLE = Automatic;
				CURRENT_PROJECT_VERSION = 1;
				DEVELOPMENT_ASSET_PATHS = "\"aoc2022/Preview Content\"";
				DEVELOPMENT_TEAM = KHMFLK7HD9;
				ENABLE_PREVIEWS = YES;
				GENERATE_INFOPLIST_FILE = YES;
				INFOPLIST_KEY_UIApplicationSceneManifest_Generation = YES;
				INFOPLIST_KEY_UIApplicationSupportsIndirectInputEvents = YES;
				INFOPLIST_KEY_UILaunchScreen_Generation = YES;
				INFOPLIST_KEY_UISupportedInterfaceOrientations_iPad = "UIInterfaceOrientationPortrait UIInterfaceOrientationPortraitUpsideDown UIInterfaceOrientationLandscapeLeft UIInterfaceOrientationLandscapeRight";
				INFOPLIST_KEY_UISupportedInterfaceOrientations_iPhone = "UIInterfaceOrientationPortrait UIInterfaceOrientationLandscapeLeft UIInterfaceOrientationLandscapeRight";
				LD_RUNPATH_SEARCH_PATHS = (
					"$(inherited)",
					"@executable_path/Frameworks",
				);
				MARKETING_VERSION = 1.0;
				PRODUCT_BUNDLE_IDENTIFIER = adventofcode2022.aoc2022;
				PRODUCT_NAME = "$(TARGET_NAME)";
				SWIFT_EMIT_LOC_STRINGS = YES;
				SWIFT_VERSION = 5.0;
				TARGETED_DEVICE_FAMILY = "1,2";
			};
			name = Release;
		};
		B29AE53329390EF5001C7F39 /* Debug */ = {
			isa = XCBuildConfiguration;
			buildSettings = {
				ALWAYS_EMBED_SWIFT_STANDARD_LIBRARIES = YES;
				BUNDLE_LOADER = "$(TEST_HOST)";
				CODE_SIGN_STYLE = Automatic;
				CURRENT_PROJECT_VERSION = 1;
				DEVELOPMENT_TEAM = KHMFLK7HD9;
				GENERATE_INFOPLIST_FILE = YES;
				IPHONEOS_DEPLOYMENT_TARGET = 16.1;
				MARKETING_VERSION = 1.0;
				PRODUCT_BUNDLE_IDENTIFIER = adventofcode2022.aoc2022Tests;
				PRODUCT_NAME = "$(TARGET_NAME)";
				SWIFT_EMIT_LOC_STRINGS = NO;
				SWIFT_VERSION = 5.0;
				TARGETED_DEVICE_FAMILY = "1,2";
				TEST_HOST = "$(BUILT_PRODUCTS_DIR)/aoc2022.app/$(BUNDLE_EXECUTABLE_FOLDER_PATH)/aoc2022";
			};
			name = Debug;
		};
		B29AE53429390EF5001C7F39 /* Release */ = {
			isa = XCBuildConfiguration;
			buildSettings = {
				ALWAYS_EMBED_SWIFT_STANDARD_LIBRARIES = YES;
				BUNDLE_LOADER = "$(TEST_HOST)";
				CODE_SIGN_STYLE = Automatic;
				CURRENT_PROJECT_VERSION = 1;
				DEVELOPMENT_TEAM = KHMFLK7HD9;
				GENERATE_INFOPLIST_FILE = YES;
				IPHONEOS_DEPLOYMENT_TARGET = 16.1;
				MARKETING_VERSION = 1.0;
				PRODUCT_BUNDLE_IDENTIFIER = adventofcode2022.aoc2022Tests;
				PRODUCT_NAME = "$(TARGET_NAME)";
				SWIFT_EMIT_LOC_STRINGS = NO;
				SWIFT_VERSION = 5.0;
				TARGETED_DEVICE_FAMILY = "1,2";
				TEST_HOST = "$(BUILT_PRODUCTS_DIR)/aoc2022.app/$(BUNDLE_EXECUTABLE_FOLDER_PATH)/aoc2022";
			};
			name = Release;
		};
		B29AE53629390EF5001C7F39 /* Debug */ = {
			isa = XCBuildConfiguration;
			buildSettings = {
				ALWAYS_EMBED_SWIFT_STANDARD_LIBRARIES = YES;
				CODE_SIGN_STYLE = Automatic;
				CURRENT_PROJECT_VERSION = 1;
				DEVELOPMENT_TEAM = KHMFLK7HD9;
				GENERATE_INFOPLIST_FILE = YES;
				MARKETING_VERSION = 1.0;
				PRODUCT_BUNDLE_IDENTIFIER = adventofcode2022.aoc2022UITests;
				PRODUCT_NAME = "$(TARGET_NAME)";
				SWIFT_EMIT_LOC_STRINGS = NO;
				SWIFT_VERSION = 5.0;
				TARGETED_DEVICE_FAMILY = "1,2";
				TEST_TARGET_NAME = aoc2022;
			};
			name = Debug;
		};
		B29AE53729390EF5001C7F39 /* Release */ = {
			isa = XCBuildConfiguration;
			buildSettings = {
				ALWAYS_EMBED_SWIFT_STANDARD_LIBRARIES = YES;
				CODE_SIGN_STYLE = Automatic;
				CURRENT_PROJECT_VERSION = 1;
				DEVELOPMENT_TEAM = KHMFLK7HD9;
				GENERATE_INFOPLIST_FILE = YES;
				MARKETING_VERSION = 1.0;
				PRODUCT_BUNDLE_IDENTIFIER = adventofcode2022.aoc2022UITests;
				PRODUCT_NAME = "$(TARGET_NAME)";
				SWIFT_EMIT_LOC_STRINGS = NO;
				SWIFT_VERSION = 5.0;
				TARGETED_DEVICE_FAMILY = "1,2";
				TEST_TARGET_NAME = aoc2022;
			};
			name = Release;
		};
/* End XCBuildConfiguration section */

/* Begin XCConfigurationList section */
		B29AE50629390EF4001C7F39 /* Build configuration list for PBXProject "aoc2022" */ = {
			isa = XCConfigurationList;
			buildConfigurations = (
				B29AE52D29390EF5001C7F39 /* Debug */,
				B29AE52E29390EF5001C7F39 /* Release */,
			);
			defaultConfigurationIsVisible = 0;
			defaultConfigurationName = Release;
		};
		B29AE52F29390EF5001C7F39 /* Build configuration list for PBXNativeTarget "aoc2022" */ = {
			isa = XCConfigurationList;
			buildConfigurations = (
				B29AE53029390EF5001C7F39 /* Debug */,
				B29AE53129390EF5001C7F39 /* Release */,
			);
			defaultConfigurationIsVisible = 0;
			defaultConfigurationName = Release;
		};
		B29AE53229390EF5001C7F39 /* Build configuration list for PBXNativeTarget "aoc2022Tests" */ = {
			isa = XCConfigurationList;
			buildConfigurations = (
				B29AE53329390EF5001C7F39 /* Debug */,
				B29AE53429390EF5001C7F39 /* Release */,
			);
			defaultConfigurationIsVisible = 0;
			defaultConfigurationName = Release;
		};
		B29AE53529390EF5001C7F39 /* Build configuration list for PBXNativeTarget "aoc2022UITests" */ = {
			isa = XCConfigurationList;
			buildConfigurations = (
				B29AE53629390EF5001C7F39 /* Debug */,
				B29AE53729390EF5001C7F39 /* Release */,
			);
			defaultConfigurationIsVisible = 0;
			defaultConfigurationName = Release;
		};
/* End XCConfigurationList section */
	};
	rootObject = B29AE50329390EF4001C7F39 /* Project object */;
}
